// !$*UTF8*$!
{
	archiveVersion = 1;
	classes = {
	};
	objectVersion = 48;
	objects = {

/* Begin PBXBuildFile section */
		CE21FD5B20062ACF000D729D /* DTMMainTableViewCellTests.m in Sources */ = {isa = PBXBuildFile; fileRef = CE21FD5A20062ACF000D729D /* DTMMainTableViewCellTests.m */; };
		CE21FD5C20063BEC000D729D /* OCMock.framework in Frameworks */ = {isa = PBXBuildFile; fileRef = CED095171FF941C600B8FCC4 /* OCMock.framework */; };
		CE21FD5D20063C26000D729D /* Expecta.framework in Frameworks */ = {isa = PBXBuildFile; fileRef = CED095131FF941A200B8FCC4 /* Expecta.framework */; };
		CE21FD5F20064501000D729D /* DTMMainViewControllerTest.m in Sources */ = {isa = PBXBuildFile; fileRef = CE21FD5E20064501000D729D /* DTMMainViewControllerTest.m */; };
		CE21FD642006A96F000D729D /* DTMWeatherDataModel+CoreDataClass.m in Sources */ = {isa = PBXBuildFile; fileRef = CE21FD622006A96E000D729D /* DTMWeatherDataModel+CoreDataClass.m */; };
		CE21FD652006A96F000D729D /* DTMWeatherDataModel+CoreDataProperties.m in Sources */ = {isa = PBXBuildFile; fileRef = CE21FD632006A96F000D729D /* DTMWeatherDataModel+CoreDataProperties.m */; };
		CE21FD682006C71D000D729D /* DTMJSONToDTMWeatherDataModelMapper.m in Sources */ = {isa = PBXBuildFile; fileRef = CE21FD672006C71D000D729D /* DTMJSONToDTMWeatherDataModelMapper.m */; };
		CE21FD6D20078F74000D729D /* DTMCityDataModel.m in Sources */ = {isa = PBXBuildFile; fileRef = CE21FD6C20078F74000D729D /* DTMCityDataModel.m */; };
		CE21FD7120079542000D729D /* DTMAddingTableViewDelegate.m in Sources */ = {isa = PBXBuildFile; fileRef = CE21FD7020079542000D729D /* DTMAddingTableViewDelegate.m */; };
		CE21FD7420079571000D729D /* DTMAddingTableViewDataSource.m in Sources */ = {isa = PBXBuildFile; fileRef = CE21FD7320079571000D729D /* DTMAddingTableViewDataSource.m */; };
		CE21FD7B20079647000D729D /* DTMAddingTableViewCell.m in Sources */ = {isa = PBXBuildFile; fileRef = CE21FD7A20079647000D729D /* DTMAddingTableViewCell.m */; };
		CE21FD852008132D000D729D /* DTMCityDataModelService.m in Sources */ = {isa = PBXBuildFile; fileRef = CE21FD842008132D000D729D /* DTMCityDataModelService.m */; };
		CE342F6C200BB34000A26793 /* DTMNetworkService.m in Sources */ = {isa = PBXBuildFile; fileRef = CE342F6B200BB34000A26793 /* DTMNetworkService.m */; };
		CE3621661FEFDB560065BCB1 /* AppDelegate.m in Sources */ = {isa = PBXBuildFile; fileRef = CE3621651FEFDB560065BCB1 /* AppDelegate.m */; };
		CE36216F1FEFDB560065BCB1 /* DTMWeatherApplication.xcdatamodeld in Sources */ = {isa = PBXBuildFile; fileRef = CE36216D1FEFDB560065BCB1 /* DTMWeatherApplication.xcdatamodeld */; };
		CE3621711FEFDB560065BCB1 /* Assets.xcassets in Resources */ = {isa = PBXBuildFile; fileRef = CE3621701FEFDB560065BCB1 /* Assets.xcassets */; };
		CE3621771FEFDB560065BCB1 /* main.m in Sources */ = {isa = PBXBuildFile; fileRef = CE3621761FEFDB560065BCB1 /* main.m */; };
		CE3621811FEFDB560065BCB1 /* DTMWeatherApplicationTests.m in Sources */ = {isa = PBXBuildFile; fileRef = CE3621801FEFDB560065BCB1 /* DTMWeatherApplicationTests.m */; };
		CE36218C1FEFDB560065BCB1 /* DTMWeatherApplicationUITests.m in Sources */ = {isa = PBXBuildFile; fileRef = CE36218B1FEFDB560065BCB1 /* DTMWeatherApplicationUITests.m */; };
		CE41E78320081F8300F8F852 /* city.list.json in Resources */ = {isa = PBXBuildFile; fileRef = CE41E78220081F8200F8F852 /* city.list.json */; };
		CE41E7882008372300F8F852 /* DTMJSONToDTMCityDataModelMapper.m in Sources */ = {isa = PBXBuildFile; fileRef = CE41E7872008372300F8F852 /* DTMJSONToDTMCityDataModelMapper.m */; };
		CED094FE1FF6DD9A00B8FCC4 /* DTMCoreDataController.m in Sources */ = {isa = PBXBuildFile; fileRef = CED094FD1FF6DD9A00B8FCC4 /* DTMCoreDataController.m */; };
		CED095021FF6FD3100B8FCC4 /* DTMNavigationControllerDelegate.m in Sources */ = {isa = PBXBuildFile; fileRef = CED095011FF6FD3100B8FCC4 /* DTMNavigationControllerDelegate.m */; };
		CED095091FF704D700B8FCC4 /* DTMPopViewControllerAnimation.m in Sources */ = {isa = PBXBuildFile; fileRef = CED095081FF704D700B8FCC4 /* DTMPopViewControllerAnimation.m */; };
		CED0950C1FF7051400B8FCC4 /* DTMPushViewControllerAnimation.m in Sources */ = {isa = PBXBuildFile; fileRef = CED0950B1FF7051400B8FCC4 /* DTMPushViewControllerAnimation.m */; };
		CED095101FF936EB00B8FCC4 /* DTMMainViewController.m in Sources */ = {isa = PBXBuildFile; fileRef = CED0950F1FF936EB00B8FCC4 /* DTMMainViewController.m */; };
		CED095161FF941BC00B8FCC4 /* Masonry.framework in Frameworks */ = {isa = PBXBuildFile; fileRef = CED095151FF941BC00B8FCC4 /* Masonry.framework */; };
		CED0951C1FF95C5E00B8FCC4 /* DTMMainTableViewDelegate.m in Sources */ = {isa = PBXBuildFile; fileRef = CED0951B1FF95C5E00B8FCC4 /* DTMMainTableViewDelegate.m */; };
		CED095251FFC405800B8FCC4 /* DTMAddingViewController.m in Sources */ = {isa = PBXBuildFile; fileRef = CED095241FFC405800B8FCC4 /* DTMAddingViewController.m */; };
		CED0953A2002938000B8FCC4 /* DTMMainTableViewCell.m in Sources */ = {isa = PBXBuildFile; fileRef = CED095392002938000B8FCC4 /* DTMMainTableViewCell.m */; };
		CEDDBC9020098E430099D8E7 /* DTMAddingSearchBarDelegate.m in Sources */ = {isa = PBXBuildFile; fileRef = CEDDBC8F20098E430099D8E7 /* DTMAddingSearchBarDelegate.m */; };
/* End PBXBuildFile section */

/* Begin PBXContainerItemProxy section */
		CE36217D1FEFDB560065BCB1 /* PBXContainerItemProxy */ = {
			isa = PBXContainerItemProxy;
			containerPortal = CE3621591FEFDB560065BCB1 /* Project object */;
			proxyType = 1;
			remoteGlobalIDString = CE3621601FEFDB560065BCB1;
			remoteInfo = DTMWeatherApplication;
		};
		CE3621881FEFDB560065BCB1 /* PBXContainerItemProxy */ = {
			isa = PBXContainerItemProxy;
			containerPortal = CE3621591FEFDB560065BCB1 /* Project object */;
			proxyType = 1;
			remoteGlobalIDString = CE3621601FEFDB560065BCB1;
			remoteInfo = DTMWeatherApplication;
		};
/* End PBXContainerItemProxy section */

/* Begin PBXFileReference section */
		CE21FD5A20062ACF000D729D /* DTMMainTableViewCellTests.m */ = {isa = PBXFileReference; lastKnownFileType = sourcecode.c.objc; path = DTMMainTableViewCellTests.m; sourceTree = "<group>"; };
		CE21FD5E20064501000D729D /* DTMMainViewControllerTest.m */ = {isa = PBXFileReference; lastKnownFileType = sourcecode.c.objc; path = DTMMainViewControllerTest.m; sourceTree = "<group>"; };
		CE21FD602006A96E000D729D /* DTMWeatherDataModel+CoreDataProperties.h */ = {isa = PBXFileReference; lastKnownFileType = sourcecode.c.h; path = "DTMWeatherDataModel+CoreDataProperties.h"; sourceTree = "<group>"; };
		CE21FD612006A96E000D729D /* DTMWeatherDataModel+CoreDataClass.h */ = {isa = PBXFileReference; lastKnownFileType = sourcecode.c.h; path = "DTMWeatherDataModel+CoreDataClass.h"; sourceTree = "<group>"; };
		CE21FD622006A96E000D729D /* DTMWeatherDataModel+CoreDataClass.m */ = {isa = PBXFileReference; lastKnownFileType = sourcecode.c.objc; path = "DTMWeatherDataModel+CoreDataClass.m"; sourceTree = "<group>"; };
		CE21FD632006A96F000D729D /* DTMWeatherDataModel+CoreDataProperties.m */ = {isa = PBXFileReference; lastKnownFileType = sourcecode.c.objc; path = "DTMWeatherDataModel+CoreDataProperties.m"; sourceTree = "<group>"; };
		CE21FD662006C71D000D729D /* DTMJSONToDTMWeatherDataModelMapper.h */ = {isa = PBXFileReference; lastKnownFileType = sourcecode.c.h; path = DTMJSONToDTMWeatherDataModelMapper.h; sourceTree = "<group>"; };
		CE21FD672006C71D000D729D /* DTMJSONToDTMWeatherDataModelMapper.m */ = {isa = PBXFileReference; lastKnownFileType = sourcecode.c.objc; path = DTMJSONToDTMWeatherDataModelMapper.m; sourceTree = "<group>"; };
		CE21FD6B20078F74000D729D /* DTMCityDataModel.h */ = {isa = PBXFileReference; lastKnownFileType = sourcecode.c.h; path = DTMCityDataModel.h; sourceTree = "<group>"; };
		CE21FD6C20078F74000D729D /* DTMCityDataModel.m */ = {isa = PBXFileReference; lastKnownFileType = sourcecode.c.objc; path = DTMCityDataModel.m; sourceTree = "<group>"; };
		CE21FD6F20079542000D729D /* DTMAddingTableViewDelegate.h */ = {isa = PBXFileReference; lastKnownFileType = sourcecode.c.h; path = DTMAddingTableViewDelegate.h; sourceTree = "<group>"; };
		CE21FD7020079542000D729D /* DTMAddingTableViewDelegate.m */ = {isa = PBXFileReference; lastKnownFileType = sourcecode.c.objc; path = DTMAddingTableViewDelegate.m; sourceTree = "<group>"; };
		CE21FD7220079571000D729D /* DTMAddingTableViewDataSource.h */ = {isa = PBXFileReference; lastKnownFileType = sourcecode.c.h; path = DTMAddingTableViewDataSource.h; sourceTree = "<group>"; };
		CE21FD7320079571000D729D /* DTMAddingTableViewDataSource.m */ = {isa = PBXFileReference; lastKnownFileType = sourcecode.c.objc; path = DTMAddingTableViewDataSource.m; sourceTree = "<group>"; };
		CE21FD7920079647000D729D /* DTMAddingTableViewCell.h */ = {isa = PBXFileReference; lastKnownFileType = sourcecode.c.h; path = DTMAddingTableViewCell.h; sourceTree = "<group>"; };
		CE21FD7A20079647000D729D /* DTMAddingTableViewCell.m */ = {isa = PBXFileReference; lastKnownFileType = sourcecode.c.objc; path = DTMAddingTableViewCell.m; sourceTree = "<group>"; };
		CE21FD832008132D000D729D /* DTMCityDataModelService.h */ = {isa = PBXFileReference; lastKnownFileType = sourcecode.c.h; path = DTMCityDataModelService.h; sourceTree = "<group>"; };
		CE21FD842008132D000D729D /* DTMCityDataModelService.m */ = {isa = PBXFileReference; lastKnownFileType = sourcecode.c.objc; path = DTMCityDataModelService.m; sourceTree = "<group>"; };
		CE342F6A200BB34000A26793 /* DTMNetworkService.h */ = {isa = PBXFileReference; lastKnownFileType = sourcecode.c.h; path = DTMNetworkService.h; sourceTree = "<group>"; };
		CE342F6B200BB34000A26793 /* DTMNetworkService.m */ = {isa = PBXFileReference; lastKnownFileType = sourcecode.c.objc; path = DTMNetworkService.m; sourceTree = "<group>"; };
		CE3621611FEFDB560065BCB1 /* DTMWeatherApplication.app */ = {isa = PBXFileReference; explicitFileType = wrapper.application; includeInIndex = 0; path = DTMWeatherApplication.app; sourceTree = BUILT_PRODUCTS_DIR; };
		CE3621641FEFDB560065BCB1 /* AppDelegate.h */ = {isa = PBXFileReference; lastKnownFileType = sourcecode.c.h; path = AppDelegate.h; sourceTree = "<group>"; };
		CE3621651FEFDB560065BCB1 /* AppDelegate.m */ = {isa = PBXFileReference; lastKnownFileType = sourcecode.c.objc; path = AppDelegate.m; sourceTree = "<group>"; };
		CE36216E1FEFDB560065BCB1 /* DTMWeatherApplication.xcdatamodel */ = {isa = PBXFileReference; lastKnownFileType = wrapper.xcdatamodel; path = DTMWeatherApplication.xcdatamodel; sourceTree = "<group>"; };
		CE3621701FEFDB560065BCB1 /* Assets.xcassets */ = {isa = PBXFileReference; lastKnownFileType = folder.assetcatalog; path = Assets.xcassets; sourceTree = "<group>"; };
		CE3621751FEFDB560065BCB1 /* Info.plist */ = {isa = PBXFileReference; lastKnownFileType = text.plist.xml; path = Info.plist; sourceTree = "<group>"; };
		CE3621761FEFDB560065BCB1 /* main.m */ = {isa = PBXFileReference; lastKnownFileType = sourcecode.c.objc; path = main.m; sourceTree = "<group>"; };
		CE36217C1FEFDB560065BCB1 /* DTMWeatherApplicationTests.xctest */ = {isa = PBXFileReference; explicitFileType = wrapper.cfbundle; includeInIndex = 0; path = DTMWeatherApplicationTests.xctest; sourceTree = BUILT_PRODUCTS_DIR; };
		CE3621801FEFDB560065BCB1 /* DTMWeatherApplicationTests.m */ = {isa = PBXFileReference; lastKnownFileType = sourcecode.c.objc; path = DTMWeatherApplicationTests.m; sourceTree = "<group>"; };
		CE3621821FEFDB560065BCB1 /* Info.plist */ = {isa = PBXFileReference; lastKnownFileType = text.plist.xml; path = Info.plist; sourceTree = "<group>"; };
		CE3621871FEFDB560065BCB1 /* DTMWeatherApplicationUITests.xctest */ = {isa = PBXFileReference; explicitFileType = wrapper.cfbundle; includeInIndex = 0; path = DTMWeatherApplicationUITests.xctest; sourceTree = BUILT_PRODUCTS_DIR; };
		CE36218B1FEFDB560065BCB1 /* DTMWeatherApplicationUITests.m */ = {isa = PBXFileReference; lastKnownFileType = sourcecode.c.objc; path = DTMWeatherApplicationUITests.m; sourceTree = "<group>"; };
		CE36218D1FEFDB560065BCB1 /* Info.plist */ = {isa = PBXFileReference; lastKnownFileType = text.plist.xml; path = Info.plist; sourceTree = "<group>"; };
		CE41E78220081F8200F8F852 /* city.list.json */ = {isa = PBXFileReference; fileEncoding = 4; lastKnownFileType = text.json; path = city.list.json; sourceTree = SOURCE_ROOT; };
		CE41E7862008372300F8F852 /* DTMJSONToDTMCityDataModelMapper.h */ = {isa = PBXFileReference; lastKnownFileType = sourcecode.c.h; path = DTMJSONToDTMCityDataModelMapper.h; sourceTree = "<group>"; };
		CE41E7872008372300F8F852 /* DTMJSONToDTMCityDataModelMapper.m */ = {isa = PBXFileReference; lastKnownFileType = sourcecode.c.objc; path = DTMJSONToDTMCityDataModelMapper.m; sourceTree = "<group>"; };
		CED094FC1FF6DD9A00B8FCC4 /* DTMCoreDataController.h */ = {isa = PBXFileReference; lastKnownFileType = sourcecode.c.h; path = DTMCoreDataController.h; sourceTree = "<group>"; };
		CED094FD1FF6DD9A00B8FCC4 /* DTMCoreDataController.m */ = {isa = PBXFileReference; lastKnownFileType = sourcecode.c.objc; path = DTMCoreDataController.m; sourceTree = "<group>"; };
		CED095001FF6FD3100B8FCC4 /* DTMNavigationControllerDelegate.h */ = {isa = PBXFileReference; lastKnownFileType = sourcecode.c.h; path = DTMNavigationControllerDelegate.h; sourceTree = "<group>"; };
		CED095011FF6FD3100B8FCC4 /* DTMNavigationControllerDelegate.m */ = {isa = PBXFileReference; lastKnownFileType = sourcecode.c.objc; path = DTMNavigationControllerDelegate.m; sourceTree = "<group>"; };
		CED095071FF704D700B8FCC4 /* DTMPopViewControllerAnimation.h */ = {isa = PBXFileReference; lastKnownFileType = sourcecode.c.h; path = DTMPopViewControllerAnimation.h; sourceTree = "<group>"; };
		CED095081FF704D700B8FCC4 /* DTMPopViewControllerAnimation.m */ = {isa = PBXFileReference; lastKnownFileType = sourcecode.c.objc; path = DTMPopViewControllerAnimation.m; sourceTree = "<group>"; };
		CED0950A1FF7051400B8FCC4 /* DTMPushViewControllerAnimation.h */ = {isa = PBXFileReference; lastKnownFileType = sourcecode.c.h; path = DTMPushViewControllerAnimation.h; sourceTree = "<group>"; };
		CED0950B1FF7051400B8FCC4 /* DTMPushViewControllerAnimation.m */ = {isa = PBXFileReference; lastKnownFileType = sourcecode.c.objc; path = DTMPushViewControllerAnimation.m; sourceTree = "<group>"; };
		CED0950E1FF936EB00B8FCC4 /* DTMMainViewController.h */ = {isa = PBXFileReference; lastKnownFileType = sourcecode.c.h; path = DTMMainViewController.h; sourceTree = "<group>"; };
		CED0950F1FF936EB00B8FCC4 /* DTMMainViewController.m */ = {isa = PBXFileReference; lastKnownFileType = sourcecode.c.objc; path = DTMMainViewController.m; sourceTree = "<group>"; };
		CED095131FF941A200B8FCC4 /* Expecta.framework */ = {isa = PBXFileReference; lastKnownFileType = wrapper.framework; name = Expecta.framework; path = Externals/Expecta.framework; sourceTree = "<group>"; };
		CED095151FF941BC00B8FCC4 /* Masonry.framework */ = {isa = PBXFileReference; lastKnownFileType = wrapper.framework; name = Masonry.framework; path = Externals/Masonry.framework; sourceTree = "<group>"; };
		CED095171FF941C600B8FCC4 /* OCMock.framework */ = {isa = PBXFileReference; lastKnownFileType = wrapper.framework; name = OCMock.framework; path = Externals/OCMock.framework; sourceTree = "<group>"; };
		CED0951A1FF95C5E00B8FCC4 /* DTMMainTableViewDelegate.h */ = {isa = PBXFileReference; lastKnownFileType = sourcecode.c.h; path = DTMMainTableViewDelegate.h; sourceTree = "<group>"; };
		CED0951B1FF95C5E00B8FCC4 /* DTMMainTableViewDelegate.m */ = {isa = PBXFileReference; lastKnownFileType = sourcecode.c.objc; path = DTMMainTableViewDelegate.m; sourceTree = "<group>"; };
		CED095231FFC405800B8FCC4 /* DTMAddingViewController.h */ = {isa = PBXFileReference; lastKnownFileType = sourcecode.c.h; path = DTMAddingViewController.h; sourceTree = "<group>"; };
		CED095241FFC405800B8FCC4 /* DTMAddingViewController.m */ = {isa = PBXFileReference; lastKnownFileType = sourcecode.c.objc; path = DTMAddingViewController.m; sourceTree = "<group>"; };
		CED095341FFED4E900B8FCC4 /* DTMExtendedUITableViewDataSourceProtocol.h */ = {isa = PBXFileReference; lastKnownFileType = sourcecode.c.h; path = DTMExtendedUITableViewDataSourceProtocol.h; sourceTree = "<group>"; };
		CED095382002938000B8FCC4 /* DTMMainTableViewCell.h */ = {isa = PBXFileReference; lastKnownFileType = sourcecode.c.h; path = DTMMainTableViewCell.h; sourceTree = "<group>"; };
		CED095392002938000B8FCC4 /* DTMMainTableViewCell.m */ = {isa = PBXFileReference; lastKnownFileType = sourcecode.c.objc; path = DTMMainTableViewCell.m; sourceTree = "<group>"; };
		CEDDBC8E20098E430099D8E7 /* DTMAddingSearchBarDelegate.h */ = {isa = PBXFileReference; lastKnownFileType = sourcecode.c.h; path = DTMAddingSearchBarDelegate.h; sourceTree = "<group>"; };
		CEDDBC8F20098E430099D8E7 /* DTMAddingSearchBarDelegate.m */ = {isa = PBXFileReference; lastKnownFileType = sourcecode.c.objc; path = DTMAddingSearchBarDelegate.m; sourceTree = "<group>"; };
/* End PBXFileReference section */

/* Begin PBXFrameworksBuildPhase section */
		CE36215E1FEFDB560065BCB1 /* Frameworks */ = {
			isa = PBXFrameworksBuildPhase;
			buildActionMask = 2147483647;
			files = (
				CED095161FF941BC00B8FCC4 /* Masonry.framework in Frameworks */,
			);
			runOnlyForDeploymentPostprocessing = 0;
		};
		CE3621791FEFDB560065BCB1 /* Frameworks */ = {
			isa = PBXFrameworksBuildPhase;
			buildActionMask = 2147483647;
			files = (
				CE21FD5D20063C26000D729D /* Expecta.framework in Frameworks */,
				CE21FD5C20063BEC000D729D /* OCMock.framework in Frameworks */,
			);
			runOnlyForDeploymentPostprocessing = 0;
		};
		CE3621841FEFDB560065BCB1 /* Frameworks */ = {
			isa = PBXFrameworksBuildPhase;
			buildActionMask = 2147483647;
			files = (
			);
			runOnlyForDeploymentPostprocessing = 0;
		};
/* End PBXFrameworksBuildPhase section */

/* Begin PBXGroup section */
		CE1222ED2011282F00E3622A /* DTMTableViewCells */ = {
			isa = PBXGroup;
			children = (
				CED09537200292FC00B8FCC4 /* DTMMainTableViewCell */,
				CE21FD782007961C000D729D /* DTMAddingTableViewCell */,
			);
			path = DTMTableViewCells;
			sourceTree = "<group>";
		};
		CE21FD692006C72D000D729D /* DTMJSONToDTMWeatherDataModelMapper */ = {
			isa = PBXGroup;
			children = (
				CE21FD662006C71D000D729D /* DTMJSONToDTMWeatherDataModelMapper.h */,
				CE21FD672006C71D000D729D /* DTMJSONToDTMWeatherDataModelMapper.m */,
			);
			path = DTMJSONToDTMWeatherDataModelMapper;
			sourceTree = "<group>";
		};
		CE21FD6A20078F19000D729D /* DTMCityDataModel */ = {
			isa = PBXGroup;
			children = (
				CE21FD6B20078F74000D729D /* DTMCityDataModel.h */,
				CE21FD6C20078F74000D729D /* DTMCityDataModel.m */,
			);
			path = DTMCityDataModel;
			sourceTree = "<group>";
		};
		CE21FD6E200794EF000D729D /* DTMAddingTableViewDelegateAndDatasource */ = {
			isa = PBXGroup;
			children = (
				CE21FD6F20079542000D729D /* DTMAddingTableViewDelegate.h */,
				CE21FD7020079542000D729D /* DTMAddingTableViewDelegate.m */,
				CE21FD7220079571000D729D /* DTMAddingTableViewDataSource.h */,
				CE21FD7320079571000D729D /* DTMAddingTableViewDataSource.m */,
			);
			path = DTMAddingTableViewDelegateAndDatasource;
			sourceTree = "<group>";
		};
		CE21FD782007961C000D729D /* DTMAddingTableViewCell */ = {
			isa = PBXGroup;
			children = (
				CE21FD7920079647000D729D /* DTMAddingTableViewCell.h */,
				CE21FD7A20079647000D729D /* DTMAddingTableViewCell.m */,
			);
			path = DTMAddingTableViewCell;
			sourceTree = "<group>";
		};
		CE21FD7F20080870000D729D /* DTMCityDataModelService */ = {
			isa = PBXGroup;
			children = (
				CE21FD832008132D000D729D /* DTMCityDataModelService.h */,
				CE21FD842008132D000D729D /* DTMCityDataModelService.m */,
			);
			path = DTMCityDataModelService;
			sourceTree = "<group>";
		};
		CE342F69200BB31100A26793 /* DTMNetworkService */ = {
			isa = PBXGroup;
			children = (
				CE342F6A200BB34000A26793 /* DTMNetworkService.h */,
				CE342F6B200BB34000A26793 /* DTMNetworkService.m */,
			);
			path = DTMNetworkService;
			sourceTree = "<group>";
		};
		CE3621581FEFDB560065BCB1 = {
			isa = PBXGroup;
			children = (
				CE3621631FEFDB560065BCB1 /* DTMWeatherApplication */,
				CE36217F1FEFDB560065BCB1 /* DTMWeatherApplicationTests */,
				CE36218A1FEFDB560065BCB1 /* DTMWeatherApplicationUITests */,
				CE3621621FEFDB560065BCB1 /* Products */,
				CED095121FF941A200B8FCC4 /* Frameworks */,
			);
			sourceTree = "<group>";
		};
		CE3621621FEFDB560065BCB1 /* Products */ = {
			isa = PBXGroup;
			children = (
				CE3621611FEFDB560065BCB1 /* DTMWeatherApplication.app */,
				CE36217C1FEFDB560065BCB1 /* DTMWeatherApplicationTests.xctest */,
				CE3621871FEFDB560065BCB1 /* DTMWeatherApplicationUITests.xctest */,
			);
			name = Products;
			sourceTree = "<group>";
		};
		CE3621631FEFDB560065BCB1 /* DTMWeatherApplication */ = {
			isa = PBXGroup;
			children = (
				CE3621641FEFDB560065BCB1 /* AppDelegate.h */,
				CE3621651FEFDB560065BCB1 /* AppDelegate.m */,
				CE3621701FEFDB560065BCB1 /* Assets.xcassets */,
				CE3621751FEFDB560065BCB1 /* Info.plist */,
				CE3621761FEFDB560065BCB1 /* main.m */,
				CE41E78220081F8200F8F852 /* city.list.json */,
				CE36216D1FEFDB560065BCB1 /* DTMWeatherApplication.xcdatamodeld */,
				CED0950D1FF9368100B8FCC4 /* DTMViewControllers */,
				CE1222ED2011282F00E3622A /* DTMTableViewCells */,
				CED095191FF95BE600B8FCC4 /* DTMMainTableViewDelegateAndDatasource */,
				CE21FD6E200794EF000D729D /* DTMAddingTableViewDelegateAndDatasource */,
				CED094FF1FF6FCDC00B8FCC4 /* DTMNavigationControllerDelegate */,
				CED094FB1FF6DD5900B8FCC4 /* DTMCoreDataController */,
				CEDDBC8D20098DF10099D8E7 /* DTMAddingSearchBarDelegate */,
				CE342F69200BB31100A26793 /* DTMNetworkService */,
				CE21FD7F20080870000D729D /* DTMCityDataModelService */,
				CED095031FF7046C00B8FCC4 /* DTMAnimations */,
				CE41E7842008368C00F8F852 /* DTMMappers */,
				CE41E78920083B6800F8F852 /* DTMDataModels */,
			);
			path = DTMWeatherApplication;
			sourceTree = "<group>";
		};
		CE36217F1FEFDB560065BCB1 /* DTMWeatherApplicationTests */ = {
			isa = PBXGroup;
			children = (
				CE3621801FEFDB560065BCB1 /* DTMWeatherApplicationTests.m */,
				CE21FD5A20062ACF000D729D /* DTMMainTableViewCellTests.m */,
				CE21FD5E20064501000D729D /* DTMMainViewControllerTest.m */,
				CE3621821FEFDB560065BCB1 /* Info.plist */,
			);
			path = DTMWeatherApplicationTests;
			sourceTree = "<group>";
		};
		CE36218A1FEFDB560065BCB1 /* DTMWeatherApplicationUITests */ = {
			isa = PBXGroup;
			children = (
				CE36218B1FEFDB560065BCB1 /* DTMWeatherApplicationUITests.m */,
				CE36218D1FEFDB560065BCB1 /* Info.plist */,
			);
			path = DTMWeatherApplicationUITests;
			sourceTree = "<group>";
		};
		CE41E7842008368C00F8F852 /* DTMMappers */ = {
			isa = PBXGroup;
			children = (
				CE41E785200836C100F8F852 /* DTMJSONToDTMCityDataModelMapper */,
				CE21FD692006C72D000D729D /* DTMJSONToDTMWeatherDataModelMapper */,
			);
			path = DTMMappers;
			sourceTree = "<group>";
		};
		CE41E785200836C100F8F852 /* DTMJSONToDTMCityDataModelMapper */ = {
			isa = PBXGroup;
			children = (
				CE41E7862008372300F8F852 /* DTMJSONToDTMCityDataModelMapper.h */,
				CE41E7872008372300F8F852 /* DTMJSONToDTMCityDataModelMapper.m */,
			);
			path = DTMJSONToDTMCityDataModelMapper;
			sourceTree = "<group>";
		};
		CE41E78920083B6800F8F852 /* DTMDataModels */ = {
			isa = PBXGroup;
			children = (
				CED0952C1FFEAC2600B8FCC4 /* DTMWeatherInformationDataModel */,
				CE21FD6A20078F19000D729D /* DTMCityDataModel */,
			);
			path = DTMDataModels;
			sourceTree = "<group>";
		};
		CED094FB1FF6DD5900B8FCC4 /* DTMCoreDataController */ = {
			isa = PBXGroup;
			children = (
				CED094FC1FF6DD9A00B8FCC4 /* DTMCoreDataController.h */,
				CED094FD1FF6DD9A00B8FCC4 /* DTMCoreDataController.m */,
			);
			path = DTMCoreDataController;
			sourceTree = "<group>";
		};
		CED094FF1FF6FCDC00B8FCC4 /* DTMNavigationControllerDelegate */ = {
			isa = PBXGroup;
			children = (
				CED095001FF6FD3100B8FCC4 /* DTMNavigationControllerDelegate.h */,
				CED095011FF6FD3100B8FCC4 /* DTMNavigationControllerDelegate.m */,
			);
			path = DTMNavigationControllerDelegate;
			sourceTree = "<group>";
		};
		CED095031FF7046C00B8FCC4 /* DTMAnimations */ = {
			isa = PBXGroup;
			children = (
				CED095071FF704D700B8FCC4 /* DTMPopViewControllerAnimation.h */,
				CED095081FF704D700B8FCC4 /* DTMPopViewControllerAnimation.m */,
				CED0950A1FF7051400B8FCC4 /* DTMPushViewControllerAnimation.h */,
				CED0950B1FF7051400B8FCC4 /* DTMPushViewControllerAnimation.m */,
			);
			path = DTMAnimations;
			sourceTree = "<group>";
		};
		CED0950D1FF9368100B8FCC4 /* DTMViewControllers */ = {
			isa = PBXGroup;
			children = (
				CED0950E1FF936EB00B8FCC4 /* DTMMainViewController.h */,
				CED0950F1FF936EB00B8FCC4 /* DTMMainViewController.m */,
				CED095231FFC405800B8FCC4 /* DTMAddingViewController.h */,
				CED095241FFC405800B8FCC4 /* DTMAddingViewController.m */,
			);
			path = DTMViewControllers;
			sourceTree = "<group>";
		};
		CED095121FF941A200B8FCC4 /* Frameworks */ = {
			isa = PBXGroup;
			children = (
				CED095171FF941C600B8FCC4 /* OCMock.framework */,
				CED095151FF941BC00B8FCC4 /* Masonry.framework */,
				CED095131FF941A200B8FCC4 /* Expecta.framework */,
			);
			name = Frameworks;
			sourceTree = "<group>";
		};
		CED095191FF95BE600B8FCC4 /* DTMMainTableViewDelegateAndDatasource */ = {
			isa = PBXGroup;
			children = (
				CED0951A1FF95C5E00B8FCC4 /* DTMMainTableViewDelegate.h */,
				CED0951B1FF95C5E00B8FCC4 /* DTMMainTableViewDelegate.m */,
				CED095341FFED4E900B8FCC4 /* DTMExtendedUITableViewDataSourceProtocol.h */,
			);
			path = DTMMainTableViewDelegateAndDatasource;
			sourceTree = "<group>";
		};
		CED0952C1FFEAC2600B8FCC4 /* DTMWeatherInformationDataModel */ = {
			isa = PBXGroup;
			children = (
				CE21FD602006A96E000D729D /* DTMWeatherDataModel+CoreDataProperties.h */,
				CE21FD632006A96F000D729D /* DTMWeatherDataModel+CoreDataProperties.m */,
				CE21FD612006A96E000D729D /* DTMWeatherDataModel+CoreDataClass.h */,
				CE21FD622006A96E000D729D /* DTMWeatherDataModel+CoreDataClass.m */,
			);
			path = DTMWeatherInformationDataModel;
			sourceTree = "<group>";
		};
		CED09537200292FC00B8FCC4 /* DTMMainTableViewCell */ = {
			isa = PBXGroup;
			children = (
				CED095382002938000B8FCC4 /* DTMMainTableViewCell.h */,
				CED095392002938000B8FCC4 /* DTMMainTableViewCell.m */,
			);
			path = DTMMainTableViewCell;
			sourceTree = "<group>";
		};
		CEDDBC8D20098DF10099D8E7 /* DTMAddingSearchBarDelegate */ = {
			isa = PBXGroup;
			children = (
				CEDDBC8E20098E430099D8E7 /* DTMAddingSearchBarDelegate.h */,
				CEDDBC8F20098E430099D8E7 /* DTMAddingSearchBarDelegate.m */,
			);
			path = DTMAddingSearchBarDelegate;
			sourceTree = "<group>";
		};
/* End PBXGroup section */

/* Begin PBXNativeTarget section */
		CE3621601FEFDB560065BCB1 /* DTMWeatherApplication */ = {
			isa = PBXNativeTarget;
			buildConfigurationList = CE3621901FEFDB560065BCB1 /* Build configuration list for PBXNativeTarget "DTMWeatherApplication" */;
			buildPhases = (
				CE36215D1FEFDB560065BCB1 /* Sources */,
				CE36215E1FEFDB560065BCB1 /* Frameworks */,
				CE36215F1FEFDB560065BCB1 /* Resources */,
			);
			buildRules = (
			);
			dependencies = (
			);
			name = DTMWeatherApplication;
			productName = DTMWeatherApplication;
			productReference = CE3621611FEFDB560065BCB1 /* DTMWeatherApplication.app */;
			productType = "com.apple.product-type.application";
		};
		CE36217B1FEFDB560065BCB1 /* DTMWeatherApplicationTests */ = {
			isa = PBXNativeTarget;
			buildConfigurationList = CE3621931FEFDB560065BCB1 /* Build configuration list for PBXNativeTarget "DTMWeatherApplicationTests" */;
			buildPhases = (
				CE3621781FEFDB560065BCB1 /* Sources */,
				CE3621791FEFDB560065BCB1 /* Frameworks */,
				CE36217A1FEFDB560065BCB1 /* Resources */,
			);
			buildRules = (
			);
			dependencies = (
				CE36217E1FEFDB560065BCB1 /* PBXTargetDependency */,
			);
			name = DTMWeatherApplicationTests;
			productName = DTMWeatherApplicationTests;
			productReference = CE36217C1FEFDB560065BCB1 /* DTMWeatherApplicationTests.xctest */;
			productType = "com.apple.product-type.bundle.unit-test";
		};
		CE3621861FEFDB560065BCB1 /* DTMWeatherApplicationUITests */ = {
			isa = PBXNativeTarget;
			buildConfigurationList = CE3621961FEFDB560065BCB1 /* Build configuration list for PBXNativeTarget "DTMWeatherApplicationUITests" */;
			buildPhases = (
				CE3621831FEFDB560065BCB1 /* Sources */,
				CE3621841FEFDB560065BCB1 /* Frameworks */,
				CE3621851FEFDB560065BCB1 /* Resources */,
			);
			buildRules = (
			);
			dependencies = (
				CE3621891FEFDB560065BCB1 /* PBXTargetDependency */,
			);
			name = DTMWeatherApplicationUITests;
			productName = DTMWeatherApplicationUITests;
			productReference = CE3621871FEFDB560065BCB1 /* DTMWeatherApplicationUITests.xctest */;
			productType = "com.apple.product-type.bundle.ui-testing";
		};
/* End PBXNativeTarget section */

/* Begin PBXProject section */
		CE3621591FEFDB560065BCB1 /* Project object */ = {
			isa = PBXProject;
			attributes = {
				LastUpgradeCheck = 0920;
				ORGANIZATIONNAME = "Davletshin Timur";
				TargetAttributes = {
					CE3621601FEFDB560065BCB1 = {
						CreatedOnToolsVersion = 9.2;
						ProvisioningStyle = Automatic;
					};
					CE36217B1FEFDB560065BCB1 = {
						CreatedOnToolsVersion = 9.2;
						ProvisioningStyle = Automatic;
						TestTargetID = CE3621601FEFDB560065BCB1;
					};
					CE3621861FEFDB560065BCB1 = {
						CreatedOnToolsVersion = 9.2;
						ProvisioningStyle = Automatic;
						TestTargetID = CE3621601FEFDB560065BCB1;
					};
				};
			};
			buildConfigurationList = CE36215C1FEFDB560065BCB1 /* Build configuration list for PBXProject "DTMWeatherApplication" */;
			compatibilityVersion = "Xcode 8.0";
			developmentRegion = en;
			hasScannedForEncodings = 0;
			knownRegions = (
				en,
				Base,
			);
			mainGroup = CE3621581FEFDB560065BCB1;
			productRefGroup = CE3621621FEFDB560065BCB1 /* Products */;
			projectDirPath = "";
			projectRoot = "";
			targets = (
				CE3621601FEFDB560065BCB1 /* DTMWeatherApplication */,
				CE36217B1FEFDB560065BCB1 /* DTMWeatherApplicationTests */,
				CE3621861FEFDB560065BCB1 /* DTMWeatherApplicationUITests */,
			);
		};
/* End PBXProject section */

/* Begin PBXResourcesBuildPhase section */
		CE36215F1FEFDB560065BCB1 /* Resources */ = {
			isa = PBXResourcesBuildPhase;
			buildActionMask = 2147483647;
			files = (
				CE3621711FEFDB560065BCB1 /* Assets.xcassets in Resources */,
				CE41E78320081F8300F8F852 /* city.list.json in Resources */,
			);
			runOnlyForDeploymentPostprocessing = 0;
		};
		CE36217A1FEFDB560065BCB1 /* Resources */ = {
			isa = PBXResourcesBuildPhase;
			buildActionMask = 2147483647;
			files = (
			);
			runOnlyForDeploymentPostprocessing = 0;
		};
		CE3621851FEFDB560065BCB1 /* Resources */ = {
			isa = PBXResourcesBuildPhase;
			buildActionMask = 2147483647;
			files = (
			);
			runOnlyForDeploymentPostprocessing = 0;
		};
/* End PBXResourcesBuildPhase section */

/* Begin PBXSourcesBuildPhase section */
		CE36215D1FEFDB560065BCB1 /* Sources */ = {
			isa = PBXSourcesBuildPhase;
			buildActionMask = 2147483647;
			files = (
				CE21FD852008132D000D729D /* DTMCityDataModelService.m in Sources */,
				CE21FD682006C71D000D729D /* DTMJSONToDTMWeatherDataModelMapper.m in Sources */,
				CE342F6C200BB34000A26793 /* DTMNetworkService.m in Sources */,
				CE21FD7120079542000D729D /* DTMAddingTableViewDelegate.m in Sources */,
				CE21FD652006A96F000D729D /* DTMWeatherDataModel+CoreDataProperties.m in Sources */,
				CED094FE1FF6DD9A00B8FCC4 /* DTMCoreDataController.m in Sources */,
				CEDDBC9020098E430099D8E7 /* DTMAddingSearchBarDelegate.m in Sources */,
				CE21FD7B20079647000D729D /* DTMAddingTableViewCell.m in Sources */,
				CED0953A2002938000B8FCC4 /* DTMMainTableViewCell.m in Sources */,
				CE3621661FEFDB560065BCB1 /* AppDelegate.m in Sources */,
				CE21FD7420079571000D729D /* DTMAddingTableViewDataSource.m in Sources */,
				CED095251FFC405800B8FCC4 /* DTMAddingViewController.m in Sources */,
				CE3621771FEFDB560065BCB1 /* main.m in Sources */,
				CE21FD6D20078F74000D729D /* DTMCityDataModel.m in Sources */,
				CED0951C1FF95C5E00B8FCC4 /* DTMMainTableViewDelegate.m in Sources */,
				CE21FD642006A96F000D729D /* DTMWeatherDataModel+CoreDataClass.m in Sources */,
				CED095091FF704D700B8FCC4 /* DTMPopViewControllerAnimation.m in Sources */,
				CED095021FF6FD3100B8FCC4 /* DTMNavigationControllerDelegate.m in Sources */,
				CE41E7882008372300F8F852 /* DTMJSONToDTMCityDataModelMapper.m in Sources */,
				CED0950C1FF7051400B8FCC4 /* DTMPushViewControllerAnimation.m in Sources */,
				CE36216F1FEFDB560065BCB1 /* DTMWeatherApplication.xcdatamodeld in Sources */,
				CED095101FF936EB00B8FCC4 /* DTMMainViewController.m in Sources */,
			);
			runOnlyForDeploymentPostprocessing = 0;
		};
		CE3621781FEFDB560065BCB1 /* Sources */ = {
			isa = PBXSourcesBuildPhase;
			buildActionMask = 2147483647;
			files = (
				CE21FD5B20062ACF000D729D /* DTMMainTableViewCellTests.m in Sources */,
				CE3621811FEFDB560065BCB1 /* DTMWeatherApplicationTests.m in Sources */,
				CE21FD5F20064501000D729D /* DTMMainViewControllerTest.m in Sources */,
			);
			runOnlyForDeploymentPostprocessing = 0;
		};
		CE3621831FEFDB560065BCB1 /* Sources */ = {
			isa = PBXSourcesBuildPhase;
			buildActionMask = 2147483647;
			files = (
				CE36218C1FEFDB560065BCB1 /* DTMWeatherApplicationUITests.m in Sources */,
			);
			runOnlyForDeploymentPostprocessing = 0;
		};
/* End PBXSourcesBuildPhase section */

/* Begin PBXTargetDependency section */
		CE36217E1FEFDB560065BCB1 /* PBXTargetDependency */ = {
			isa = PBXTargetDependency;
			target = CE3621601FEFDB560065BCB1 /* DTMWeatherApplication */;
			targetProxy = CE36217D1FEFDB560065BCB1 /* PBXContainerItemProxy */;
		};
		CE3621891FEFDB560065BCB1 /* PBXTargetDependency */ = {
			isa = PBXTargetDependency;
			target = CE3621601FEFDB560065BCB1 /* DTMWeatherApplication */;
			targetProxy = CE3621881FEFDB560065BCB1 /* PBXContainerItemProxy */;
		};
/* End PBXTargetDependency section */

/* Begin XCBuildConfiguration section */
		CE36218E1FEFDB560065BCB1 /* Debug */ = {
			isa = XCBuildConfiguration;
			buildSettings = {
				ALWAYS_SEARCH_USER_PATHS = NO;
				CLANG_ANALYZER_NONNULL = YES;
				CLANG_ANALYZER_NUMBER_OBJECT_CONVERSION = YES_AGGRESSIVE;
				CLANG_CXX_LANGUAGE_STANDARD = "gnu++14";
				CLANG_CXX_LIBRARY = "libc++";
				CLANG_ENABLE_MODULES = YES;
				CLANG_ENABLE_OBJC_ARC = YES;
				CLANG_WARN_BLOCK_CAPTURE_AUTORELEASING = YES;
				CLANG_WARN_BOOL_CONVERSION = YES;
				CLANG_WARN_COMMA = YES;
				CLANG_WARN_CONSTANT_CONVERSION = YES;
				CLANG_WARN_DIRECT_OBJC_ISA_USAGE = YES_ERROR;
				CLANG_WARN_DOCUMENTATION_COMMENTS = YES;
				CLANG_WARN_EMPTY_BODY = YES;
				CLANG_WARN_ENUM_CONVERSION = YES;
				CLANG_WARN_INFINITE_RECURSION = YES;
				CLANG_WARN_INT_CONVERSION = YES;
				CLANG_WARN_NON_LITERAL_NULL_CONVERSION = YES;
				CLANG_WARN_OBJC_LITERAL_CONVERSION = YES;
				CLANG_WARN_OBJC_ROOT_CLASS = YES_ERROR;
				CLANG_WARN_RANGE_LOOP_ANALYSIS = YES;
				CLANG_WARN_STRICT_PROTOTYPES = YES;
				CLANG_WARN_SUSPICIOUS_MOVE = YES;
				CLANG_WARN_UNGUARDED_AVAILABILITY = YES_AGGRESSIVE;
				CLANG_WARN_UNREACHABLE_CODE = YES;
				CLANG_WARN__DUPLICATE_METHOD_MATCH = YES;
				CODE_SIGN_IDENTITY = "iPhone Developer";
				COPY_PHASE_STRIP = NO;
				DEBUG_INFORMATION_FORMAT = dwarf;
				ENABLE_STRICT_OBJC_MSGSEND = YES;
				ENABLE_TESTABILITY = YES;
				GCC_C_LANGUAGE_STANDARD = gnu11;
				GCC_DYNAMIC_NO_PIC = NO;
				GCC_NO_COMMON_BLOCKS = YES;
				GCC_OPTIMIZATION_LEVEL = 0;
				GCC_PREPROCESSOR_DEFINITIONS = (
					"DEBUG=1",
					"$(inherited)",
				);
				GCC_WARN_64_TO_32_BIT_CONVERSION = YES;
				GCC_WARN_ABOUT_RETURN_TYPE = YES_ERROR;
				GCC_WARN_UNDECLARED_SELECTOR = YES;
				GCC_WARN_UNINITIALIZED_AUTOS = YES_AGGRESSIVE;
				GCC_WARN_UNUSED_FUNCTION = YES;
				GCC_WARN_UNUSED_VARIABLE = YES;
				IPHONEOS_DEPLOYMENT_TARGET = 11.2;
				LD_RUNPATH_SEARCH_PATHS = "$(PROJECT_DIR)/Externals";
				MTL_ENABLE_DEBUG_INFO = YES;
				ONLY_ACTIVE_ARCH = YES;
				SDKROOT = iphoneos;
			};
			name = Debug;
		};
		CE36218F1FEFDB560065BCB1 /* Release */ = {
			isa = XCBuildConfiguration;
			buildSettings = {
				ALWAYS_SEARCH_USER_PATHS = NO;
				CLANG_ANALYZER_NONNULL = YES;
				CLANG_ANALYZER_NUMBER_OBJECT_CONVERSION = YES_AGGRESSIVE;
				CLANG_CXX_LANGUAGE_STANDARD = "gnu++14";
				CLANG_CXX_LIBRARY = "libc++";
				CLANG_ENABLE_MODULES = YES;
				CLANG_ENABLE_OBJC_ARC = YES;
				CLANG_WARN_BLOCK_CAPTURE_AUTORELEASING = YES;
				CLANG_WARN_BOOL_CONVERSION = YES;
				CLANG_WARN_COMMA = YES;
				CLANG_WARN_CONSTANT_CONVERSION = YES;
				CLANG_WARN_DIRECT_OBJC_ISA_USAGE = YES_ERROR;
				CLANG_WARN_DOCUMENTATION_COMMENTS = YES;
				CLANG_WARN_EMPTY_BODY = YES;
				CLANG_WARN_ENUM_CONVERSION = YES;
				CLANG_WARN_INFINITE_RECURSION = YES;
				CLANG_WARN_INT_CONVERSION = YES;
				CLANG_WARN_NON_LITERAL_NULL_CONVERSION = YES;
				CLANG_WARN_OBJC_LITERAL_CONVERSION = YES;
				CLANG_WARN_OBJC_ROOT_CLASS = YES_ERROR;
				CLANG_WARN_RANGE_LOOP_ANALYSIS = YES;
				CLANG_WARN_STRICT_PROTOTYPES = YES;
				CLANG_WARN_SUSPICIOUS_MOVE = YES;
				CLANG_WARN_UNGUARDED_AVAILABILITY = YES_AGGRESSIVE;
				CLANG_WARN_UNREACHABLE_CODE = YES;
				CLANG_WARN__DUPLICATE_METHOD_MATCH = YES;
				CODE_SIGN_IDENTITY = "iPhone Developer";
				COPY_PHASE_STRIP = NO;
				DEBUG_INFORMATION_FORMAT = "dwarf-with-dsym";
				ENABLE_NS_ASSERTIONS = NO;
				ENABLE_STRICT_OBJC_MSGSEND = YES;
				GCC_C_LANGUAGE_STANDARD = gnu11;
				GCC_NO_COMMON_BLOCKS = YES;
				GCC_WARN_64_TO_32_BIT_CONVERSION = YES;
				GCC_WARN_ABOUT_RETURN_TYPE = YES_ERROR;
				GCC_WARN_UNDECLARED_SELECTOR = YES;
				GCC_WARN_UNINITIALIZED_AUTOS = YES_AGGRESSIVE;
				GCC_WARN_UNUSED_FUNCTION = YES;
				GCC_WARN_UNUSED_VARIABLE = YES;
				IPHONEOS_DEPLOYMENT_TARGET = 11.2;
				LD_RUNPATH_SEARCH_PATHS = "$(PROJECT_DIR)/Externals";
				MTL_ENABLE_DEBUG_INFO = NO;
				SDKROOT = iphoneos;
				VALIDATE_PRODUCT = YES;
			};
			name = Release;
		};
		CE3621911FEFDB560065BCB1 /* Debug */ = {
			isa = XCBuildConfiguration;
			buildSettings = {
				ASSETCATALOG_COMPILER_APPICON_NAME = AppIcon;
				CODE_SIGN_STYLE = Automatic;
				FRAMEWORK_SEARCH_PATHS = (
					"$(inherited)",
					"$(PROJECT_DIR)/Externals",
				);
				INFOPLIST_FILE = DTMWeatherApplication/Info.plist;
				LD_RUNPATH_SEARCH_PATHS = "$(inherited) @executable_path/Frameworks";
				PRODUCT_BUNDLE_IDENTIFIER = DTM.DTMWeatherApplication;
				PRODUCT_NAME = "$(TARGET_NAME)";
				TARGETED_DEVICE_FAMILY = "1,2";
			};
			name = Debug;
		};
		CE3621921FEFDB560065BCB1 /* Release */ = {
			isa = XCBuildConfiguration;
			buildSettings = {
				ASSETCATALOG_COMPILER_APPICON_NAME = AppIcon;
				CODE_SIGN_STYLE = Automatic;
				FRAMEWORK_SEARCH_PATHS = (
					"$(inherited)",
					"$(PROJECT_DIR)/Externals",
				);
				INFOPLIST_FILE = DTMWeatherApplication/Info.plist;
				LD_RUNPATH_SEARCH_PATHS = "$(inherited) @executable_path/Frameworks";
				PRODUCT_BUNDLE_IDENTIFIER = DTM.DTMWeatherApplication;
				PRODUCT_NAME = "$(TARGET_NAME)";
				TARGETED_DEVICE_FAMILY = "1,2";
			};
			name = Release;
		};
		CE3621941FEFDB560065BCB1 /* Debug */ = {
			isa = XCBuildConfiguration;
			buildSettings = {
				BUNDLE_LOADER = "$(TEST_HOST)";
				CODE_SIGN_STYLE = Automatic;
				FRAMEWORK_SEARCH_PATHS = (
					"$(inherited)",
					"$(PROJECT_DIR)/Externals",
				);
				INFOPLIST_FILE = DTMWeatherApplicationTests/Info.plist;
				LD_RUNPATH_SEARCH_PATHS = "$(inherited) @executable_path/Frameworks @loader_path/Frameworks";
				PRODUCT_BUNDLE_IDENTIFIER = DTM.DTMWeatherApplicationTests;
				PRODUCT_NAME = "$(TARGET_NAME)";
				TARGETED_DEVICE_FAMILY = "1,2";
				TEST_HOST = "$(BUILT_PRODUCTS_DIR)/DTMWeatherApplication.app/DTMWeatherApplication";
			};
			name = Debug;
		};
		CE3621951FEFDB560065BCB1 /* Release */ = {
			isa = XCBuildConfiguration;
			buildSettings = {
				BUNDLE_LOADER = "$(TEST_HOST)";
				CODE_SIGN_STYLE = Automatic;
				FRAMEWORK_SEARCH_PATHS = (
					"$(inherited)",
					"$(PROJECT_DIR)/Externals",
				);
				INFOPLIST_FILE = DTMWeatherApplicationTests/Info.plist;
				LD_RUNPATH_SEARCH_PATHS = "$(inherited) @executable_path/Frameworks @loader_path/Frameworks";
				PRODUCT_BUNDLE_IDENTIFIER = DTM.DTMWeatherApplicationTests;
				PRODUCT_NAME = "$(TARGET_NAME)";
				TARGETED_DEVICE_FAMILY = "1,2";
				TEST_HOST = "$(BUILT_PRODUCTS_DIR)/DTMWeatherApplication.app/DTMWeatherApplication";
			};
			name = Release;
		};
		CE3621971FEFDB560065BCB1 /* Debug */ = {
			isa = XCBuildConfiguration;
			buildSettings = {
				CODE_SIGN_STYLE = Automatic;
				INFOPLIST_FILE = DTMWeatherApplicationUITests/Info.plist;
				LD_RUNPATH_SEARCH_PATHS = "$(inherited) @executable_path/Frameworks @loader_path/Frameworks";
				PRODUCT_BUNDLE_IDENTIFIER = DTM.DTMWeatherApplicationUITests;
				PRODUCT_NAME = "$(TARGET_NAME)";
				TARGETED_DEVICE_FAMILY = "1,2";
				TEST_TARGET_NAME = DTMWeatherApplication;
			};
			name = Debug;
		};
		CE3621981FEFDB560065BCB1 /* Release */ = {
			isa = XCBuildConfiguration;
			buildSettings = {
				CODE_SIGN_STYLE = Automatic;
				INFOPLIST_FILE = DTMWeatherApplicationUITests/Info.plist;
				LD_RUNPATH_SEARCH_PATHS = "$(inherited) @executable_path/Frameworks @loader_path/Frameworks";
				PRODUCT_BUNDLE_IDENTIFIER = DTM.DTMWeatherApplicationUITests;
				PRODUCT_NAME = "$(TARGET_NAME)";
				TARGETED_DEVICE_FAMILY = "1,2";
				TEST_TARGET_NAME = DTMWeatherApplication;
			};
			name = Release;
		};
/* End XCBuildConfiguration section */

/* Begin XCConfigurationList section */
		CE36215C1FEFDB560065BCB1 /* Build configuration list for PBXProject "DTMWeatherApplication" */ = {
			isa = XCConfigurationList;
			buildConfigurations = (
				CE36218E1FEFDB560065BCB1 /* Debug */,
				CE36218F1FEFDB560065BCB1 /* Release */,
			);
			defaultConfigurationIsVisible = 0;
			defaultConfigurationName = Release;
		};
		CE3621901FEFDB560065BCB1 /* Build configuration list for PBXNativeTarget "DTMWeatherApplication" */ = {
			isa = XCConfigurationList;
			buildConfigurations = (
				CE3621911FEFDB560065BCB1 /* Debug */,
				CE3621921FEFDB560065BCB1 /* Release */,
			);
			defaultConfigurationIsVisible = 0;
			defaultConfigurationName = Release;
		};
		CE3621931FEFDB560065BCB1 /* Build configuration list for PBXNativeTarget "DTMWeatherApplicationTests" */ = {
			isa = XCConfigurationList;
			buildConfigurations = (
				CE3621941FEFDB560065BCB1 /* Debug */,
				CE3621951FEFDB560065BCB1 /* Release */,
			);
			defaultConfigurationIsVisible = 0;
			defaultConfigurationName = Release;
		};
		CE3621961FEFDB560065BCB1 /* Build configuration list for PBXNativeTarget "DTMWeatherApplicationUITests" */ = {
			isa = XCConfigurationList;
			buildConfigurations = (
				CE3621971FEFDB560065BCB1 /* Debug */,
				CE3621981FEFDB560065BCB1 /* Release */,
			);
			defaultConfigurationIsVisible = 0;
			defaultConfigurationName = Release;
		};
/* End XCConfigurationList section */

/* Begin XCVersionGroup section */
		CE36216D1FEFDB560065BCB1 /* DTMWeatherApplication.xcdatamodeld */ = {
			isa = XCVersionGroup;
			children = (
				CE36216E1FEFDB560065BCB1 /* DTMWeatherApplication.xcdatamodel */,
			);
			currentVersion = CE36216E1FEFDB560065BCB1 /* DTMWeatherApplication.xcdatamodel */;
			path = DTMWeatherApplication.xcdatamodeld;
			sourceTree = "<group>";
			versionGroupType = wrapper.xcdatamodel;
		};
/* End XCVersionGroup section */
	};
	rootObject = CE3621591FEFDB560065BCB1 /* Project object */;
}
